// !$*UTF8*$!
{
	archiveVersion = 1;
	classes = {
	};
	objectVersion = 77;
	objects = {

/* Begin PBXBuildFile section */
		CEDE6F9A2E0698A2005C7B71 /* Assets.xcassets in Resources */ = {isa = PBXBuildFile; fileRef = CEDE6F952E0698A2005C7B71 /* Assets.xcassets */; };
		CEDE6F9B2E0698A2005C7B71 /* CoordinatorPatternApp.swift in Sources */ = {isa = PBXBuildFile; fileRef = CEDE6F822E0698A2005C7B71 /* CoordinatorPatternApp.swift */; };
		CEDE6F9C2E0698A2005C7B71 /* DetailsView.swift in Sources */ = {isa = PBXBuildFile; fileRef = CEDE6F842E0698A2005C7B71 /* DetailsView.swift */; };
		CEDE6F9D2E0698A2005C7B71 /* ForgotPassword.swift in Sources */ = {isa = PBXBuildFile; fileRef = CEDE6F862E0698A2005C7B71 /* ForgotPassword.swift */; };
		CEDE6F9E2E0698A2005C7B71 /* HomeView.swift in Sources */ = {isa = PBXBuildFile; fileRef = CEDE6F882E0698A2005C7B71 /* HomeView.swift */; };
		CEDE6F9F2E0698A2005C7B71 /* LoginView.swift in Sources */ = {isa = PBXBuildFile; fileRef = CEDE6F8A2E0698A2005C7B71 /* LoginView.swift */; };
		CEDE6FA02E0698A2005C7B71 /* ProductsView.swift in Sources */ = {isa = PBXBuildFile; fileRef = CEDE6F8C2E0698A2005C7B71 /* ProductsView.swift */; };
		CEDE6FA12E0698A2005C7B71 /* ContentView.swift in Sources */ = {isa = PBXBuildFile; fileRef = CEDE6F8E2E0698A2005C7B71 /* ContentView.swift */; };
		CEDE6FA22E0698A2005C7B71 /* SignUpView.swift in Sources */ = {isa = PBXBuildFile; fileRef = CEDE6F902E0698A2005C7B71 /* SignUpView.swift */; };
		CEDE6FA32E0698A2005C7B71 /* Coordinator.swift in Sources */ = {isa = PBXBuildFile; fileRef = CEDE6F932E0698A2005C7B71 /* Coordinator.swift */; };
		CEDE6FA42E0698A2005C7B71 /* AuthViewModel.swift in Sources */ = {isa = PBXBuildFile; fileRef = CEDE6F972E0698A2005C7B71 /* AuthViewModel.swift */; };
/* End PBXBuildFile section */

/* Begin PBXFileReference section */
		CEDE6F542E0691B8005C7B71 /* CoordinatorPattern.app */ = {isa = PBXFileReference; explicitFileType = wrapper.application; includeInIndex = 0; path = CoordinatorPattern.app; sourceTree = BUILT_PRODUCTS_DIR; };
		CEDE6F822E0698A2005C7B71 /* CoordinatorPatternApp.swift */ = {isa = PBXFileReference; lastKnownFileType = sourcecode.swift; path = CoordinatorPatternApp.swift; sourceTree = "<group>"; };
		CEDE6F842E0698A2005C7B71 /* DetailsView.swift */ = {isa = PBXFileReference; lastKnownFileType = sourcecode.swift; path = DetailsView.swift; sourceTree = "<group>"; };
		CEDE6F862E0698A2005C7B71 /* ForgotPassword.swift */ = {isa = PBXFileReference; lastKnownFileType = sourcecode.swift; path = ForgotPassword.swift; sourceTree = "<group>"; };
		CEDE6F882E0698A2005C7B71 /* HomeView.swift */ = {isa = PBXFileReference; lastKnownFileType = sourcecode.swift; path = HomeView.swift; sourceTree = "<group>"; };
		CEDE6F8A2E0698A2005C7B71 /* LoginView.swift */ = {isa = PBXFileReference; lastKnownFileType = sourcecode.swift; path = LoginView.swift; sourceTree = "<group>"; };
		CEDE6F8C2E0698A2005C7B71 /* ProductsView.swift */ = {isa = PBXFileReference; lastKnownFileType = sourcecode.swift; path = ProductsView.swift; sourceTree = "<group>"; };
		CEDE6F8E2E0698A2005C7B71 /* ContentView.swift */ = {isa = PBXFileReference; lastKnownFileType = sourcecode.swift; path = ContentView.swift; sourceTree = "<group>"; };
		CEDE6F902E0698A2005C7B71 /* SignUpView.swift */ = {isa = PBXFileReference; lastKnownFileType = sourcecode.swift; path = SignUpView.swift; sourceTree = "<group>"; };
		CEDE6F932E0698A2005C7B71 /* Coordinator.swift */ = {isa = PBXFileReference; lastKnownFileType = sourcecode.swift; path = Coordinator.swift; sourceTree = "<group>"; };
		CEDE6F952E0698A2005C7B71 /* Assets.xcassets */ = {isa = PBXFileReference; lastKnownFileType = folder.assetcatalog; path = Assets.xcassets; sourceTree = "<group>"; };
		CEDE6F972E0698A2005C7B71 /* AuthViewModel.swift */ = {isa = PBXFileReference; lastKnownFileType = sourcecode.swift; path = AuthViewModel.swift; sourceTree = "<group>"; };
/* End PBXFileReference section */

/* Begin PBXFrameworksBuildPhase section */
		CEDE6F512E0691B8005C7B71 /* Frameworks */ = {
			isa = PBXFrameworksBuildPhase;
			buildActionMask = 2147483647;
			files = (
			);
			runOnlyForDeploymentPostprocessing = 0;
		};
/* End PBXFrameworksBuildPhase section */

/* Begin PBXGroup section */
		CEDE6F4B2E0691B8005C7B71 = {
			isa = PBXGroup;
			children = (
				CEDE6F992E0698A2005C7B71 /* CoordinatorPattern */,
				CEDE6F552E0691B8005C7B71 /* Products */,
			);
			sourceTree = "<group>";
		};
		CEDE6F552E0691B8005C7B71 /* Products */ = {
			isa = PBXGroup;
			children = (
				CEDE6F542E0691B8005C7B71 /* CoordinatorPattern.app */,
			);
			name = Products;
			sourceTree = "<group>";
		};
		CEDE6F832E0698A2005C7B71 /* App */ = {
			isa = PBXGroup;
			children = (
				CEDE6F822E0698A2005C7B71 /* CoordinatorPatternApp.swift */,
			);
			path = App;
			sourceTree = "<group>";
		};
		CEDE6F852E0698A2005C7B71 /* Details */ = {
			isa = PBXGroup;
			children = (
				CEDE6F842E0698A2005C7B71 /* DetailsView.swift */,
			);
			path = Details;
			sourceTree = "<group>";
		};
		CEDE6F872E0698A2005C7B71 /* ForgotPassword */ = {
			isa = PBXGroup;
			children = (
				CEDE6F862E0698A2005C7B71 /* ForgotPassword.swift */,
			);
			path = ForgotPassword;
			sourceTree = "<group>";
		};
		CEDE6F892E0698A2005C7B71 /* Home */ = {
			isa = PBXGroup;
			children = (
				CEDE6F882E0698A2005C7B71 /* HomeView.swift */,
			);
			path = Home;
			sourceTree = "<group>";
		};
		CEDE6F8B2E0698A2005C7B71 /* Login */ = {
			isa = PBXGroup;
			children = (
				CEDE6F8A2E0698A2005C7B71 /* LoginView.swift */,
			);
			path = Login;
			sourceTree = "<group>";
		};
		CEDE6F8D2E0698A2005C7B71 /* Products */ = {
			isa = PBXGroup;
			children = (
				CEDE6F8C2E0698A2005C7B71 /* ProductsView.swift */,
			);
			path = Products;
			sourceTree = "<group>";
		};
		CEDE6F8F2E0698A2005C7B71 /* Root */ = {
			isa = PBXGroup;
			children = (
				CEDE6F8E2E0698A2005C7B71 /* ContentView.swift */,
			);
			path = Root;
			sourceTree = "<group>";
		};
		CEDE6F912E0698A2005C7B71 /* SignUp */ = {
			isa = PBXGroup;
			children = (
				CEDE6F902E0698A2005C7B71 /* SignUpView.swift */,
			);
			path = SignUp;
			sourceTree = "<group>";
		};
		CEDE6F922E0698A2005C7B71 /* Modules */ = {
			isa = PBXGroup;
			children = (
				CEDE6F8F2E0698A2005C7B71 /* Root */,
				CEDE6F8B2E0698A2005C7B71 /* Login */,
				CEDE6F912E0698A2005C7B71 /* SignUp */,
				CEDE6F872E0698A2005C7B71 /* ForgotPassword */,
				CEDE6F892E0698A2005C7B71 /* Home */,
				CEDE6F852E0698A2005C7B71 /* Details */,
				CEDE6F8D2E0698A2005C7B71 /* Products */,
			);
			path = Modules;
			sourceTree = "<group>";
		};
		CEDE6F942E0698A2005C7B71 /* Navigation */ = {
			isa = PBXGroup;
			children = (
				CEDE6F932E0698A2005C7B71 /* Coordinator.swift */,
			);
			path = Navigation;
			sourceTree = "<group>";
		};
		CEDE6F962E0698A2005C7B71 /* Resources */ = {
			isa = PBXGroup;
			children = (
				CEDE6F952E0698A2005C7B71 /* Assets.xcassets */,
			);
			path = Resources;
			sourceTree = "<group>";
		};
		CEDE6F982E0698A2005C7B71 /* ViewModels */ = {
			isa = PBXGroup;
			children = (
				CEDE6F972E0698A2005C7B71 /* AuthViewModel.swift */,
			);
			path = ViewModels;
			sourceTree = "<group>";
		};
		CEDE6F992E0698A2005C7B71 /* CoordinatorPattern */ = {
			isa = PBXGroup;
			children = (
				CEDE6F832E0698A2005C7B71 /* App */,
				CEDE6F942E0698A2005C7B71 /* Navigation */,
				CEDE6F922E0698A2005C7B71 /* Modules */,
				CEDE6F982E0698A2005C7B71 /* ViewModels */,
				CEDE6F962E0698A2005C7B71 /* Resources */,
			);
			path = CoordinatorPattern;
			sourceTree = "<group>";
		};
/* End PBXGroup section */

/* Begin PBXNativeTarget section */
		CEDE6F532E0691B8005C7B71 /* CoordinatorPattern */ = {
			isa = PBXNativeTarget;
			buildConfigurationList = CEDE6F5F2E0691B9005C7B71 /* Build configuration list for PBXNativeTarget "CoordinatorPattern" */;
			buildPhases = (
				CEDE6F502E0691B8005C7B71 /* Sources */,
				CEDE6F512E0691B8005C7B71 /* Frameworks */,
				CEDE6F522E0691B8005C7B71 /* Resources */,
			);
			buildRules = (
			);
			dependencies = (
			);
			name = CoordinatorPattern;
			packageProductDependencies = (
			);
			productName = CoordinatorPattern;
			productReference = CEDE6F542E0691B8005C7B71 /* CoordinatorPattern.app */;
			productType = "com.apple.product-type.application";
		};
/* End PBXNativeTarget section */

/* Begin PBXProject section */
		CEDE6F4C2E0691B8005C7B71 /* Project object */ = {
			isa = PBXProject;
			attributes = {
				BuildIndependentTargetsInParallel = 1;
				LastSwiftUpdateCheck = 1640;
				LastUpgradeCheck = 1640;
				TargetAttributes = {
					CEDE6F532E0691B8005C7B71 = {
						CreatedOnToolsVersion = 16.4;
					};
				};
			};
			buildConfigurationList = CEDE6F4F2E0691B8005C7B71 /* Build configuration list for PBXProject "CoordinatorPattern" */;
			developmentRegion = en;
			hasScannedForEncodings = 0;
			knownRegions = (
				en,
				Base,
			);
			mainGroup = CEDE6F4B2E0691B8005C7B71;
			minimizedProjectReferenceProxies = 1;
			preferredProjectObjectVersion = 77;
			productRefGroup = CEDE6F552E0691B8005C7B71 /* Products */;
			projectDirPath = "";
			projectRoot = "";
			targets = (
				CEDE6F532E0691B8005C7B71 /* CoordinatorPattern */,
			);
		};
/* End PBXProject section */

/* Begin PBXResourcesBuildPhase section */
		CEDE6F522E0691B8005C7B71 /* Resources */ = {
			isa = PBXResourcesBuildPhase;
			buildActionMask = 2147483647;
			files = (
				CEDE6F9A2E0698A2005C7B71 /* Assets.xcassets in Resources */,
			);
			runOnlyForDeploymentPostprocessing = 0;
		};
/* End PBXResourcesBuildPhase section */

/* Begin PBXSourcesBuildPhase section */
		CEDE6F502E0691B8005C7B71 /* Sources */ = {
			isa = PBXSourcesBuildPhase;
			buildActionMask = 2147483647;
			files = (
				CEDE6F9B2E0698A2005C7B71 /* CoordinatorPatternApp.swift in Sources */,
				CEDE6F9C2E0698A2005C7B71 /* DetailsView.swift in Sources */,
				CEDE6F9D2E0698A2005C7B71 /* ForgotPassword.swift in Sources */,
				CEDE6F9E2E0698A2005C7B71 /* HomeView.swift in Sources */,
				CEDE6F9F2E0698A2005C7B71 /* LoginView.swift in Sources */,
				CEDE6FA02E0698A2005C7B71 /* ProductsView.swift in Sources */,
				CEDE6FA12E0698A2005C7B71 /* ContentView.swift in Sources */,
				CEDE6FA22E0698A2005C7B71 /* SignUpView.swift in Sources */,
				CEDE6FA32E0698A2005C7B71 /* Coordinator.swift in Sources */,
				CEDE6FA42E0698A2005C7B71 /* AuthViewModel.swift in Sources */,
			);
			runOnlyForDeploymentPostprocessing = 0;
		};
/* End PBXSourcesBuildPhase section */

/* Begin XCBuildConfiguration section */
		CEDE6F5D2E0691B9005C7B71 /* Debug */ = {
			isa = XCBuildConfiguration;
			buildSettings = {
				ALWAYS_SEARCH_USER_PATHS = NO;
				ASSETCATALOG_COMPILER_GENERATE_SWIFT_ASSET_SYMBOL_EXTENSIONS = YES;
				CLANG_ANALYZER_NONNULL = YES;
				CLANG_ANALYZER_NUMBER_OBJECT_CONVERSION = YES_AGGRESSIVE;
				CLANG_CXX_LANGUAGE_STANDARD = "gnu++20";
				CLANG_ENABLE_MODULES = YES;
				CLANG_ENABLE_OBJC_ARC = YES;
				CLANG_ENABLE_OBJC_WEAK = YES;
				CLANG_WARN_BLOCK_CAPTURE_AUTORELEASING = YES;
				CLANG_WARN_BOOL_CONVERSION = YES;
				CLANG_WARN_COMMA = YES;
				CLANG_WARN_CONSTANT_CONVERSION = YES;
				CLANG_WARN_DEPRECATED_OBJC_IMPLEMENTATIONS = YES;
				CLANG_WARN_DIRECT_OBJC_ISA_USAGE = YES_ERROR;
				CLANG_WARN_DOCUMENTATION_COMMENTS = YES;
				CLANG_WARN_EMPTY_BODY = YES;
				CLANG_WARN_ENUM_CONVERSION = YES;
				CLANG_WARN_INFINITE_RECURSION = YES;
				CLANG_WARN_INT_CONVERSION = YES;
				CLANG_WARN_NON_LITERAL_NULL_CONVERSION = YES;
				CLANG_WARN_OBJC_IMPLICIT_RETAIN_SELF = YES;
				CLANG_WARN_OBJC_LITERAL_CONVERSION = YES;
				CLANG_WARN_OBJC_ROOT_CLASS = YES_ERROR;
				CLANG_WARN_QUOTED_INCLUDE_IN_FRAMEWORK_HEADER = YES;
				CLANG_WARN_RANGE_LOOP_ANALYSIS = YES;
				CLANG_WARN_STRICT_PROTOTYPES = YES;
				CLANG_WARN_SUSPICIOUS_MOVE = YES;
				CLANG_WARN_UNGUARDED_AVAILABILITY = YES_AGGRESSIVE;
				CLANG_WARN_UNREACHABLE_CODE = YES;
				CLANG_WARN__DUPLICATE_METHOD_MATCH = YES;
				COPY_PHASE_STRIP = NO;
				DEBUG_INFORMATION_FORMAT = dwarf;
				ENABLE_STRICT_OBJC_MSGSEND = YES;
				ENABLE_TESTABILITY = YES;
				ENABLE_USER_SCRIPT_SANDBOXING = YES;
				GCC_C_LANGUAGE_STANDARD = gnu17;
				GCC_DYNAMIC_NO_PIC = NO;
				GCC_NO_COMMON_BLOCKS = YES;
				GCC_OPTIMIZATION_LEVEL = 0;
				GCC_PREPROCESSOR_DEFINITIONS = (
					"DEBUG=1",
					"$(inherited)",
				);
				GCC_WARN_64_TO_32_BIT_CONVERSION = YES;
				GCC_WARN_ABOUT_RETURN_TYPE = YES_ERROR;
				GCC_WARN_UNDECLARED_SELECTOR = YES;
				GCC_WARN_UNINITIALIZED_AUTOS = YES_AGGRESSIVE;
				GCC_WARN_UNUSED_FUNCTION = YES;
				GCC_WARN_UNUSED_VARIABLE = YES;
				IPHONEOS_DEPLOYMENT_TARGET = 18.5;
				LOCALIZATION_PREFERS_STRING_CATALOGS = YES;
				MTL_ENABLE_DEBUG_INFO = INCLUDE_SOURCE;
				MTL_FAST_MATH = YES;
				ONLY_ACTIVE_ARCH = YES;
				SDKROOT = iphoneos;
				SWIFT_ACTIVE_COMPILATION_CONDITIONS = "DEBUG $(inherited)";
				SWIFT_OPTIMIZATION_LEVEL = "-Onone";
			};
			name = Debug;
		};
		CEDE6F5E2E0691B9005C7B71 /* Release */ = {
			isa = XCBuildConfiguration;
			buildSettings = {
				ALWAYS_SEARCH_USER_PATHS = NO;
				ASSETCATALOG_COMPILER_GENERATE_SWIFT_ASSET_SYMBOL_EXTENSIONS = YES;
				CLANG_ANALYZER_NONNULL = YES;
				CLANG_ANALYZER_NUMBER_OBJECT_CONVERSION = YES_AGGRESSIVE;
				CLANG_CXX_LANGUAGE_STANDARD = "gnu++20";
				CLANG_ENABLE_MODULES = YES;
				CLANG_ENABLE_OBJC_ARC = YES;
				CLANG_ENABLE_OBJC_WEAK = YES;
				CLANG_WARN_BLOCK_CAPTURE_AUTORELEASING = YES;
				CLANG_WARN_BOOL_CONVERSION = YES;
				CLANG_WARN_COMMA = YES;
				CLANG_WARN_CONSTANT_CONVERSION = YES;
				CLANG_WARN_DEPRECATED_OBJC_IMPLEMENTATIONS = YES;
				CLANG_WARN_DIRECT_OBJC_ISA_USAGE = YES_ERROR;
				CLANG_WARN_DOCUMENTATION_COMMENTS = YES;
				CLANG_WARN_EMPTY_BODY = YES;
				CLANG_WARN_ENUM_CONVERSION = YES;
				CLANG_WARN_INFINITE_RECURSION = YES;
				CLANG_WARN_INT_CONVERSION = YES;
				CLANG_WARN_NON_LITERAL_NULL_CONVERSION = YES;
				CLANG_WARN_OBJC_IMPLICIT_RETAIN_SELF = YES;
				CLANG_WARN_OBJC_LITERAL_CONVERSION = YES;
				CLANG_WARN_OBJC_ROOT_CLASS = YES_ERROR;
				CLANG_WARN_QUOTED_INCLUDE_IN_FRAMEWORK_HEADER = YES;
				CLANG_WARN_RANGE_LOOP_ANALYSIS = YES;
				CLANG_WARN_STRICT_PROTOTYPES = YES;
				CLANG_WARN_SUSPICIOUS_MOVE = YES;
				CLANG_WARN_UNGUARDED_AVAILABILITY = YES_AGGRESSIVE;
				CLANG_WARN_UNREACHABLE_CODE = YES;
				CLANG_WARN__DUPLICATE_METHOD_MATCH = YES;
				COPY_PHASE_STRIP = NO;
				DEBUG_INFORMATION_FORMAT = "dwarf-with-dsym";
				ENABLE_NS_ASSERTIONS = NO;
				ENABLE_STRICT_OBJC_MSGSEND = YES;
				ENABLE_USER_SCRIPT_SANDBOXING = YES;
				GCC_C_LANGUAGE_STANDARD = gnu17;
				GCC_NO_COMMON_BLOCKS = YES;
				GCC_WARN_64_TO_32_BIT_CONVERSION = YES;
				GCC_WARN_ABOUT_RETURN_TYPE = YES_ERROR;
				GCC_WARN_UNDECLARED_SELECTOR = YES;
				GCC_WARN_UNINITIALIZED_AUTOS = YES_AGGRESSIVE;
				GCC_WARN_UNUSED_FUNCTION = YES;
				GCC_WARN_UNUSED_VARIABLE = YES;
				IPHONEOS_DEPLOYMENT_TARGET = 18.5;
				LOCALIZATION_PREFERS_STRING_CATALOGS = YES;
				MTL_ENABLE_DEBUG_INFO = NO;
				MTL_FAST_MATH = YES;
				SDKROOT = iphoneos;
				SWIFT_COMPILATION_MODE = wholemodule;
				VALIDATE_PRODUCT = YES;
			};
			name = Release;
		};
		CEDE6F602E0691B9005C7B71 /* Debug */ = {
			isa = XCBuildConfiguration;
			buildSettings = {
				ASSETCATALOG_COMPILER_APPICON_NAME = AppIcon;
				ASSETCATALOG_COMPILER_GLOBAL_ACCENT_COLOR_NAME = AccentColor;
				CODE_SIGN_STYLE = Automatic;
				CURRENT_PROJECT_VERSION = 1;
				ENABLE_PREVIEWS = YES;
				GENERATE_INFOPLIST_FILE = YES;
				INFOPLIST_KEY_UIApplicationSceneManifest_Generation = YES;
				INFOPLIST_KEY_UIApplicationSupportsIndirectInputEvents = YES;
				INFOPLIST_KEY_UILaunchScreen_Generation = YES;
				INFOPLIST_KEY_UISupportedInterfaceOrientations_iPad = "UIInterfaceOrientationPortrait UIInterfaceOrientationPortraitUpsideDown UIInterfaceOrientationLandscapeLeft UIInterfaceOrientationLandscapeRight";
				INFOPLIST_KEY_UISupportedInterfaceOrientations_iPhone = "UIInterfaceOrientationPortrait UIInterfaceOrientationLandscapeLeft UIInterfaceOrientationLandscapeRight";
				LD_RUNPATH_SEARCH_PATHS = (
					"$(inherited)",
					"@executable_path/Frameworks",
				);
				MARKETING_VERSION = 1.0;
				PRODUCT_BUNDLE_IDENTIFIER = com.movlanmustafayev.Test.CoordinatorPattern;
				PRODUCT_NAME = "$(TARGET_NAME)";
				SWIFT_EMIT_LOC_STRINGS = YES;
				SWIFT_VERSION = 5.0;
				TARGETED_DEVICE_FAMILY = "1,2";
			};
			name = Debug;
		};
		CEDE6F612E0691B9005C7B71 /* Release */ = {
			isa = XCBuildConfiguration;
			buildSettings = {
				ASSETCATALOG_COMPILER_APPICON_NAME = AppIcon;
				ASSETCATALOG_COMPILER_GLOBAL_ACCENT_COLOR_NAME = AccentColor;
				CODE_SIGN_STYLE = Automatic;
				CURRENT_PROJECT_VERSION = 1;
				ENABLE_PREVIEWS = YES;
				GENERATE_INFOPLIST_FILE = YES;
				INFOPLIST_KEY_UIApplicationSceneManifest_Generation = YES;
				INFOPLIST_KEY_UIApplicationSupportsIndirectInputEvents = YES;
				INFOPLIST_KEY_UILaunchScreen_Generation = YES;
				INFOPLIST_KEY_UISupportedInterfaceOrientations_iPad = "UIInterfaceOrientationPortrait UIInterfaceOrientationPortraitUpsideDown UIInterfaceOrientationLandscapeLeft UIInterfaceOrientationLandscapeRight";
				INFOPLIST_KEY_UISupportedInterfaceOrientations_iPhone = "UIInterfaceOrientationPortrait UIInterfaceOrientationLandscapeLeft UIInterfaceOrientationLandscapeRight";
				LD_RUNPATH_SEARCH_PATHS = (
					"$(inherited)",
					"@executable_path/Frameworks",
				);
				MARKETING_VERSION = 1.0;
				PRODUCT_BUNDLE_IDENTIFIER = com.movlanmustafayev.Test.CoordinatorPattern;
				PRODUCT_NAME = "$(TARGET_NAME)";
				SWIFT_EMIT_LOC_STRINGS = YES;
				SWIFT_VERSION = 5.0;
				TARGETED_DEVICE_FAMILY = "1,2";
			};
			name = Release;
		};
/* End XCBuildConfiguration section */

/* Begin XCConfigurationList section */
		CEDE6F4F2E0691B8005C7B71 /* Build configuration list for PBXProject "CoordinatorPattern" */ = {
			isa = XCConfigurationList;
			buildConfigurations = (
				CEDE6F5D2E0691B9005C7B71 /* Debug */,
				CEDE6F5E2E0691B9005C7B71 /* Release */,
			);
			defaultConfigurationIsVisible = 0;
			defaultConfigurationName = Release;
		};
		CEDE6F5F2E0691B9005C7B71 /* Build configuration list for PBXNativeTarget "CoordinatorPattern" */ = {
			isa = XCConfigurationList;
			buildConfigurations = (
				CEDE6F602E0691B9005C7B71 /* Debug */,
				CEDE6F612E0691B9005C7B71 /* Release */,
			);
			defaultConfigurationIsVisible = 0;
			defaultConfigurationName = Release;
		};
/* End XCConfigurationList section */
	};
	rootObject = CEDE6F4C2E0691B8005C7B71 /* Project object */;
}
